
Microsoft Visual Studio Solution File, Format Version 12.00
# Visual Studio Version 16
VisualStudioVersion = 16.0.29418.71
MinimumVisualStudioVersion = 10.0.40219.1
Project("{FAE04EC0-301F-11D3-BF4B-00C04F79EFBC}") = "VL", "VL\VL.csproj", "{8B508E88-F38C-4059-ABE7-AF9249B48690}"
EndProject
Global
	GlobalSection(SolutionConfigurationPlatforms) = preSolution
		Debug|Any CPU = Debug|Any CPU
		Release|Any CPU = Release|Any CPU
	EndGlobalSection
	GlobalSection(ProjectConfigurationPlatforms) = postSolution
		{8B508E88-F38C-4059-ABE7-AF9249B48690}.Debug|Any CPU.ActiveCfg = Debug|Any CPU
		{8B508E88-F38C-4059-ABE7-AF9249B48690}.Debug|Any CPU.Build.0 = Debug|Any CPU
		{8B508E88-F38C-4059-ABE7-AF9249B48690}.Release|Any CPU.ActiveCfg = Release|Any CPU
		{8B508E88-F38C-4059-ABE7-AF9249B48690}.Release|Any CPU.Build.0 = Release|Any CPU
	EndGlobalSection
	GlobalSection(SolutionProperties) = preSolution
		HideSolutionNode = FALSE
	EndGlobalSection
	GlobalSection(ExtensibilityGlobals) = postSolution
		SolutionGuid = {EABD2F71-77D5-426A-9864-8BAA4DADB439}
	EndGlobalSection
EndGlobal
